
Microsoft Visual Studio Solution File, Format Version 12.00
# Visual Studio Version 16
VisualStudioVersion = 16.0.33027.164
MinimumVisualStudioVersion = 10.0.40219.1
Project("{FAE04EC0-301F-11D3-BF4B-00C04F79EFBC}") = "ketnoi", "ketnoi\ketnoi.csproj", "{A91DDE94-779A-4171-A999-6E8E4D3AD412}"
EndProject
Global
	GlobalSection(SolutionConfigurationPlatforms) = preSolution
		Debug|Any CPU = Debug|Any CPU
		Release|Any CPU = Release|Any CPU
	EndGlobalSection
	GlobalSection(ProjectConfigurationPlatforms) = postSolution
		{A91DDE94-779A-4171-A999-6E8E4D3AD412}.Debug|Any CPU.ActiveCfg = Debug|Any CPU
		{A91DDE94-779A-4171-A999-6E8E4D3AD412}.Debug|Any CPU.Build.0 = Debug|Any CPU
		{A91DDE94-779A-4171-A999-6E8E4D3AD412}.Release|Any CPU.ActiveCfg = Release|Any CPU
		{A91DDE94-779A-4171-A999-6E8E4D3AD412}.Release|Any CPU.Build.0 = Release|Any CPU
	EndGlobalSection
	GlobalSection(SolutionProperties) = preSolution
		HideSolutionNode = FALSE
	EndGlobalSection
	GlobalSection(ExtensibilityGlobals) = postSolution
		SolutionGuid = {02BDBD75-A7DC-4FB5-A010-999F69F3F355}
	EndGlobalSection
EndGlobal
